
Microsoft Visual Studio Solution File, Format Version 12.00
# Visual Studio 15
VisualStudioVersion = 15.0.27130.2024
MinimumVisualStudioVersion = 10.0.40219.1
Project("{888888A0-9F3D-457C-B088-3A5042F75D52}") = "Examples", "ExampleSolution\Examples.pyproj", "{19BEF4C8-E322-4304-8318-38A3EA5273BC}"
EndProject
Global
	GlobalSection(SolutionConfigurationPlatforms) = preSolution
		Debug|Any CPU = Debug|Any CPU
		Release|Any CPU = Release|Any CPU
	EndGlobalSection
	GlobalSection(ProjectConfigurationPlatforms) = postSolution
		{19BEF4C8-E322-4304-8318-38A3EA5273BC}.Debug|Any CPU.ActiveCfg = Debug|Any CPU
		{19BEF4C8-E322-4304-8318-38A3EA5273BC}.Release|Any CPU.ActiveCfg = Release|Any CPU
	EndGlobalSection
	GlobalSection(SolutionProperties) = preSolution
		HideSolutionNode = FALSE
	EndGlobalSection
	GlobalSection(ExtensibilityGlobals) = postSolution
		SolutionGuid = {B052A83D-9EBE-4974-9219-ED11D50A98C1}
	EndGlobalSection
EndGlobal
